- name: 'CIS - Ensure ''ASR: Block Adobe Reader from creating child processes'' is set to ''Block'''
  platform: windows
  description: |-
    This rule prevents attacks by blocking Adobe Reader from creating processes.
    Malware can download and launch payloads and break out of Adobe Reader through
    social engineering or exploits. By blocking child processes from being generated by
    Adobe Reader, malware attempting to use Adobe Reader as an attack vector are
    prevented from spreading.
    The recommended state for this setting is: Block.
  resolution: |-
    To establish the recommended configuration via configuration profiles, set the following
    Settings Catalog path to Block.
    Defender\Block Adobe Reader from creating child processes
  query: SELECT 1 FROM mdm_bridge WHERE mdm_command_input = '<SyncBody><Get><CmdID>1</CmdID><Item><Target><LocURI>./Device/Vendor/MSFT/Policy/Result/Defender/AttackSurfaceReductionRules</LocURI></Target></Item></Get></SyncBody>' AND (mdm_command_output LIKE '%7674BA52-37EB-4A4F-A9A1-F0F9A1619A2C=1%' OR mdm_command_output LIKE '%7674BA52-37EB-4A4F-A9A1-F0F9A1619A2C=2%');
