- name: CIS - Ensure 'Allow Game DVR' is set to 'Block'
  platform: windows
  description: |-
    This setting enables or disables the Windows Game Recording and Broadcasting
    features.
    The recommended state for this setting is: Block.
  resolution: |-
    To establish the recommended configuration via configuration profiles, set the following
    Settings Catalog path to Block:
    Microsoft App Store\Allow Game DVR
  query: SELECT 1 FROM mdm_bridge WHERE mdm_command_input = '<SyncBody><Get><CmdID>1</CmdID><Item><Target><LocURI>./Device/Vendor/MSFT/Policy/Result/ApplicationManagement/AllowGameDVR</LocURI></Target></Item></Get></SyncBody>' AND mdm_command_output = '0';
