- name: CIS - Ensure 'Allow Auto Connect To Wi Fi Sense Hotspots' is set to 'Block'
  platform: windows
  description: |-
    This policy setting determines whether users can enable the following WLAN settings:
    "Connect to suggested open hotspots," "Connect to networks shared by my contacts,"
    and "Enable paid services".
    •

    •

    •

    "Connect to suggested open hotspots" enables Windows to automatically
    connect users to open hotspots it knows about by crowdsourcing networks that
    other people using Windows have connected to.
    "Connect to networks shared by my contacts" enables Windows to automatically
    connect to networks that the user's contacts have shared with them, and enables
    users on this device to share networks with their contacts.
    "Enable paid services" enables Windows to temporarily connect to open hotspots
    to determine if paid services are available.

    The recommended state for this setting is: Block.
    Note: These features are also known by the name "Wi-Fi Sense".
  resolution: |-
    To establish the recommended configuration via configuration profiles, set the following
    Settings Catalog path to Block.
    Wi-Fi Settings\Allow Auto Connect To Wi Fi Sense Hotspots
  query: SELECT 1 FROM mdm_bridge WHERE mdm_command_input = '<SyncBody><Get><CmdID>1</CmdID><Item><Target><LocURI>./Device/Vendor/MSFT/Policy/Result/Wifi/AllowAutoConnectToWiFiSenseHotspots</LocURI></Target></Item></Get></SyncBody>' AND mdm_command_output = '0';
