apiVersion: v1
kind: policy
spec:
  name: CIS - Ensure 'Allow Shared User App Data' is set to 'Block'
  query: SELECT 1 FROM mdm_bridge WHERE mdm_command_input = '<SyncBody><Get><CmdID>1</CmdID><Item><Target><LocURI>./Device/Vendor/MSFT/Policy/Result/ApplicationManagement/AllowSharedUserAppData</LocURI></Target></Item></Get></SyncBody>' AND mdm_command_output = '0';
  critical: false
  description: "Manages a Windows app's ability to share data between users who have installed the app. Data is shared through the SharedLocal folder. This folder is available through the Windows.Storage API. The recommended state for this setting is: Block."
  resolution: To establish the recommended configuration via configuration profiles, set the following Settings Catalog path to Block. Microsoft App Store\Allow Shared User App Data
  platform: windows
