apiVersion: v1
kind: policy
spec:
  name: 'CIS - Ensure ''ASR: Block Office applications from injecting code into other processes'' is set to ''Block'''
  query: SELECT 1 FROM mdm_bridge WHERE mdm_command_input = '<SyncBody><Get><CmdID>1</CmdID><Item><Target><LocURI>./Device/Vendor/MSFT/Policy/Result/Defender/AttackSurfaceReductionRules</LocURI></Target></Item></Get></SyncBody>' AND (mdm_command_output LIKE '%75668C1F-73B5-4CF0-BB93-3ECF5CB7CC84=1%' OR mdm_command_output LIKE '%75668C1F-73B5-4CF0-BB93-3ECF5CB7CC84=2%');
  critical: false
  description: |-
    Attackers might attempt to use Office apps to migrate malicious code into other
    processes through code injection, so the code can masquerade as a clean process.
    There are no known legitimate business purposes for using code injection.
    This rule applies to Word, Excel, OneNote, and PowerPoint.
    The recommended state for this setting is: Block.
  resolution: |-
    To establish the recommended configuration via configuration profiles, set the following
    Settings Catalog path to Block.
    Defender\Block Office applications from injecting code into other processes
  platform: windows
