apiVersion: v1
kind: policy
spec:
  name: CIS - Ensure 'Allow Windows Spotlight (User)' is set to 'Block'
  query: SELECT 1 FROM registry WHERE path LIKE 'HKEY_USERS\S-1-%\SOFTWARE\Policies\Microsoft\Windows\CloudContent\DisableWindowsSpotlightFeatures' AND data = '1' LIMIT 1;
  critical: false
  description: "This policy setting determines whether the all Windows Spotlight features are turned on/off (together). The recommended state for this setting is: Block. Note: Per Microsoft TechNet, this policy setting only applies to Windows 10 Enterprise and Windows 10 Education editions. Note #2: Setting this recommendation to Block also disables the Recommendation Allow Tailored Experiences With Diagnostic Data which was is included in the onprem Workstation Benchmarks. It was not included in the Intune version since this setting is automatically disabled."
  resolution: "To establish the recommended configuration via configuration profiles, set the following Settings Catalog path to Block: Experience\\Allow Windows Spotlight (User)"
  platform: windows
