apiVersion: v1
kind: policy
spec:
  name: 'CIS - Ensure ''ASR: Block executable content from email client and webmail'' is set to ''Block'''
  query: SELECT 1 FROM mdm_bridge WHERE mdm_command_input = '<SyncBody><Get><CmdID>1</CmdID><Item><Target><LocURI>./Device/Vendor/MSFT/Policy/Result/Defender/AttackSurfaceReductionRules</LocURI></Target></Item></Get></SyncBody>' AND (mdm_command_output LIKE '%BE9BA2D9-53EA-4CDC-84E5-9B1EEEE46550=1%' OR mdm_command_output LIKE '%BE9BA2D9-53EA-4CDC-84E5-9B1EEEE46550=2%');
  critical: false
  description: |-
    This rule blocks email opened within the Microsoft Outlook application, or Outlook.com
    and other popular webmail providers from propagating the following file types:
    •
    •

    Executable files (such as .exe, .dll, or .scr)
    Script files (such as a PowerShell .ps1, Visual Basic .vbs, or JavaScript .js file)

    The recommended state for this setting is: Block.
  resolution: |-
    To establish the recommended configuration via configuration profiles, set the following
    Settings Catalog path to Block.
    Defender\Block executable content from email client and webmail
  platform: windows
