apiVersion: v1
kind: policy
spec:
  name: CIS - Ensure 'Allow suggested apps in Windows Ink Workspace' is set to 'Block'
  query: SELECT 1 FROM registry WHERE path = 'HKEY_LOCAL_MACHINE\SOFTWARE\Microsoft\PolicyManager\current\device\WindowsInkWorkspace\AllowSuggestedAppsInWindowsInkWorkspace' AND data = '0';
  critical: false
  description: "This policy setting determines whether suggested apps in Windows Ink Workspace are allowed. The recommended state for this setting is: Block."
  resolution: To establish the recommended configuration via configuration profiles, set the following Settings Catalog path to Block. Windows Ink Workspace\Allow suggested apps in Windows Ink Workspace
  platform: windows
