apiVersion: v1
kind: policy
spec:
  name: CIS - Ensure 'Allow Indexing Encrypted Stores Or Items' is set to 'Block'
  query: SELECT 1 FROM mdm_bridge WHERE mdm_command_input = '<SyncBody><Get><CmdID>1</CmdID><Item><Target><LocURI>./Device/Vendor/MSFT/Policy/Result/Search/AllowIndexingEncryptedStoresOrItems</LocURI></Target></Item></Get></SyncBody>' AND mdm_command_output = '0';
  critical: false
  description: |-
    This policy setting controls whether encrypted items are allowed to be indexed. When
    this setting is changed, the index is rebuilt completely. Full volume encryption (such as
    BitLocker Drive Encryption or a non-Microsoft solution) must be used for the location of
    the index to maintain security for encrypted files.
    The recommended state for this setting is: Block.
  resolution: |-
    To establish the recommended configuration via configuration profiles, set the following
    Settings Catalog path to Block:
    Search\Allow Indexing Encrypted Stores Or Items
  platform: windows
