apiVersion: v1
kind: policy
spec:
  name: "CIS - Ensure 'ASR: Block credential stealing from the Windows local security authority subsystem' is set to 'Block'"
  query: SELECT 1 FROM mdm_bridge WHERE mdm_command_input = '<SyncBody><Get><CmdID>1</CmdID><Item><Target><LocURI>./Device/Vendor/MSFT/Policy/Result/Defender/AttackSurfaceReductionRules</LocURI></Target></Item></Get></SyncBody>' AND (mdm_command_output LIKE '%9E6C4E1F-7D60-472F-BA1A-A39EF669E4B2=1%' OR mdm_command_output LIKE '%9E6C4E1F-7D60-472F-BA1A-A39EF669E4B2=2%');
  critical: false
  description: |
    This rule helps prevent credential stealing by locking down Local Security Authority
    Subsystem Service (LSASS).
    LSASS authenticates users who sign in on a Windows computer. Microsoft Defender
    Credential Guard in Windows normally prevents attempts to extract credentials from
    LSASS. Some organizations can't enable Credential Guard on all of their computers
    because of compatibility issues with custom smartcard drivers or other programs that
    load into the Local Security Authority (LSA). In these cases, attackers can use tools like
    Mimikatz to scrape cleartext passwords and NTLM hashes from LSASS.
    Note: Enabling this rule doesn't provide additional protection if you have LSA protection
    enabled since the ASR rule and LSA protection work similarly. However, when LSA
    protection cannot be enabled, this rule can be configured to provide equivalent
    protection against malware that target lsass.exe.
    The recommended state for this setting is: Block.
  resolution: |
    To establish the recommended configuration via configuration profiles, set the following
    Settings Catalog path to Block.
    Defender\Block credential stealing from the Windows local security authority
    subsystem
  platform: windows
