apiVersion: v1
kind: policy
spec:
  name: CIS - Ensure 'Allow Input Personalization' is set to 'Block'
  query: SELECT 1 FROM mdm_bridge WHERE mdm_command_input = '<SyncBody><Get><CmdID>1</CmdID><Item><Target><LocURI>./Device/Vendor/MSFT/Policy/Result/Privacy/AllowInputPersonalization</LocURI></Target></Item></Get></SyncBody>' AND mdm_command_output = '0';
  critical: false
  description: |-
    This policy enables the automatic learning component of input personalization that
    includes speech, inking, and typing. Automatic learning enables the collection of speech
    and handwriting patterns, typing history, contacts, and recent calendar information. It is
    required for the use of Cortana. Some of this collected information may be stored on the
    user's OneDrive, in the case of inking and typing; some of the information will be
    uploaded to Microsoft to personalize speech.
    The recommended state for this setting is: Block.
  resolution: |-
    To establish the recommended configuration via configuration profiles, set the following
    Settings Catalog path to Block:
    Privacy\Allow Input Personalization
  platform: windows
