apiVersion: v1
kind: policy
spec:
  name: "CIS - Ensure 'ASR: Block Win32 API calls from Office macros' is set to 'Block'"
  query: SELECT 1 FROM mdm_bridge WHERE mdm_command_input = '<SyncBody><Get><CmdID>1</CmdID><Item><Target><LocURI>./Device/Vendor/MSFT/Policy/Result/Defender/AttackSurfaceReductionRules</LocURI></Target></Item></Get></SyncBody>' AND (mdm_command_output LIKE '%92E97FA1-2EDF-4476-BDD6-9DD0B4DDDC7B=1%' OR mdm_command_output LIKE '%92E97FA1-2EDF-4476-BDD6-9DD0B4DDDC7B=2%');
  critical: false
  description: |
    This rule prevents VBA macros from calling Win32 APIs. Office VBA enables Win32 API
    calls.
    The recommended state for this setting is: Block.
  resolution: |
    To establish the recommended configuration via configuration profiles, set the following
    Settings Catalog path to Block.
    Defender\Block Win32 API calls from Office macros
  platform: windows
