apiVersion: v1
kind: policy
spec:
  name: CIS - Ensure 'Credential Guard' is set to 'Enabled with UEFI lock'
  query: SELECT 1 WHERE EXISTS (SELECT 1 FROM mdm_bridge WHERE mdm_command_input = '<SyncBody><Get><CmdID>1</CmdID><Item><Target><LocURI>./Device/Vendor/MSFT/Policy/Result/DeviceGuard/EnableVirtualizationBasedSecurity</LocURI></Target></Item></Get></SyncBody>' AND mdm_command_output = '1') OR EXISTS (SELECT 1 FROM registry WHERE path = 'HKEY_LOCAL_MACHINE\\SOFTWARE\\Policies\\Microsoft\\Windows\\DeviceGuard\\LsaCfgFlags' AND data = '1');
  critical: false
  description: |
    This setting lets users turn on Credential Guard with virtualization-based security to help
    protect credentials. The "Enabled with UEFI lock" option ensures that Credential Guard
    cannot be disabled remotely. In order to disable the feature, you must set the Group
    Policy to "Disabled" as well as remove the security functionality from each computer,
    with a physically present user, in order to clear configuration persisted in UEFI.
    The recommended state for this setting is: Enabled with UEFI lock.
    Note: Virtualization Based Security requires a 64-bit version of Windows with Secure
    Boot enabled, which in turn requires that Windows was installed with a UEFI BIOS
    configuration, not a Legacy BIOS configuration. In addition, if running Windows on a
    virtual machine, the hardware-assisted CPU virtualization feature (Intel VT-x or AMD-V)
    must be exposed by the host to the guest VM.
    More information on system requirements for this feature can be found at Windows
    Defender Credential Guard Requirements (Windows 10) | Microsoft Docs
    Note #2: Credential Guard and Device Guard are not currently supported when using
    Azure IaaS VMs.
  resolution: |
    To establish the recommended configuration via configuration profiles, set the following
    Settings Catalog path to Enabled with UEFI lock:
    Device Guard\Credential Guard
  platform: windows
