- name: |
    CIS - Ensure 'Turn On Virtualization Based Security: Credential Guard Configuration' is set to 'Enabled with UEFI lock'
  platform: windows
  description: |
    This setting lets users turn on Credential Guard with virtualization-based security to help protect credentials. The "Enabled with UEFI lock" option ensures that Credential Guard cannot be disabled remotely. In order to disable the feature, you must set the Group Policy to "Disabled" as well as remove the security functionality from each computer, with a physically present user, in order to clear configuration persisted in UEFI.
  resolution: |
    To establish the recommended configuration via GP, set the following UI path to 'Enabled with UEFI lock':
    'Computer Configuration\Policies\Administrative Templates\System\Device Guard\Turn On Virtualization Based Security: Credential Guard Configuration'
  query: |
    SELECT 1 FROM REGISTRY WHERE (PATH = 'HKEY_LOCAL_MACHINE\\SOFTWARE\\Policies\\Microsoft\\Windows\\DeviceGuard\LsaCfgFlags' AND data = 1);
